
Microsoft Visual Studio Solution File, Format Version 12.00
# Visual Studio Version 17
VisualStudioVersion = 17.7.34024.191
MinimumVisualStudioVersion = 10.0.40219.1
Project("{8BC9CEB8-8B4A-11D0-8D11-00A0C91BC942}") = "MyStringHomeWork", "MyStringHomeWork\MyStringHomeWork.vcxproj", "{39724645-D05B-47C2-A9EA-69A142E191DA}"
EndProject
Global
	GlobalSection(SolutionConfigurationPlatforms) = preSolution
		Debug|x64 = Debug|x64
		Debug|x86 = Debug|x86
		Release|x64 = Release|x64
		Release|x86 = Release|x86
	EndGlobalSection
	GlobalSection(ProjectConfigurationPlatforms) = postSolution
		{39724645-D05B-47C2-A9EA-69A142E191DA}.Debug|x64.ActiveCfg = Debug|x64
		{39724645-D05B-47C2-A9EA-69A142E191DA}.Debug|x64.Build.0 = Debug|x64
		{39724645-D05B-47C2-A9EA-69A142E191DA}.Debug|x86.ActiveCfg = Debug|Win32
		{39724645-D05B-47C2-A9EA-69A142E191DA}.Debug|x86.Build.0 = Debug|Win32
		{39724645-D05B-47C2-A9EA-69A142E191DA}.Release|x64.ActiveCfg = Release|x64
		{39724645-D05B-47C2-A9EA-69A142E191DA}.Release|x64.Build.0 = Release|x64
		{39724645-D05B-47C2-A9EA-69A142E191DA}.Release|x86.ActiveCfg = Release|Win32
		{39724645-D05B-47C2-A9EA-69A142E191DA}.Release|x86.Build.0 = Release|Win32
	EndGlobalSection
	GlobalSection(SolutionProperties) = preSolution
		HideSolutionNode = FALSE
	EndGlobalSection
	GlobalSection(ExtensibilityGlobals) = postSolution
		SolutionGuid = {0D189859-DC8C-4E2E-A422-E18AA5441F5C}
	EndGlobalSection
EndGlobal
